// !$*UTF8*$!
{
	archiveVersion = 1;
	classes = {
	};
	objectVersion = 46;
	objects = {

/* Begin PBXBuildFile section */
		B18930F417AD337500EFA3E2 /* UIKit.framework in Frameworks */ = {isa = PBXBuildFile; fileRef = B18930F317AD337500EFA3E2 /* UIKit.framework */; };
		B18930F617AD337500EFA3E2 /* Foundation.framework in Frameworks */ = {isa = PBXBuildFile; fileRef = B18930F517AD337500EFA3E2 /* Foundation.framework */; };
		B18930F817AD337500EFA3E2 /* CoreGraphics.framework in Frameworks */ = {isa = PBXBuildFile; fileRef = B18930F717AD337500EFA3E2 /* CoreGraphics.framework */; };
		B18930FA17AD337500EFA3E2 /* AddressBook.framework in Frameworks */ = {isa = PBXBuildFile; fileRef = B18930F917AD337500EFA3E2 /* AddressBook.framework */; };
		B18930FC17AD337500EFA3E2 /* SystemConfiguration.framework in Frameworks */ = {isa = PBXBuildFile; fileRef = B18930FB17AD337500EFA3E2 /* SystemConfiguration.framework */; };
		B18930FE17AD337500EFA3E2 /* QuartzCore.framework in Frameworks */ = {isa = PBXBuildFile; fileRef = B18930FD17AD337500EFA3E2 /* QuartzCore.framework */; };
		B189310417AD337500EFA3E2 /* InfoPlist.strings in Resources */ = {isa = PBXBuildFile; fileRef = B189310217AD337500EFA3E2 /* InfoPlist.strings */; };
		B189310617AD337500EFA3E2 /* main.m in Sources */ = {isa = PBXBuildFile; fileRef = B189310517AD337500EFA3E2 /* main.m */; };
		B189310A17AD337500EFA3E2 /* AppDelegate.m in Sources */ = {isa = PBXBuildFile; fileRef = B189310917AD337500EFA3E2 /* AppDelegate.m */; };
		B189310C17AD337500EFA3E2 /* Default.png in Resources */ = {isa = PBXBuildFile; fileRef = B189310B17AD337500EFA3E2 /* Default.png */; };
		B189310E17AD337500EFA3E2 /* Default@2x.png in Resources */ = {isa = PBXBuildFile; fileRef = B189310D17AD337500EFA3E2 /* Default@2x.png */; };
		B189311017AD337500EFA3E2 /* Default-568h@2x.png in Resources */ = {isa = PBXBuildFile; fileRef = B189310F17AD337500EFA3E2 /* Default-568h@2x.png */; };
		B189311217AD337500EFA3E2 /* testFSM.sqlite in Resources */ = {isa = PBXBuildFile; fileRef = B189311117AD337500EFA3E2 /* testFSM.sqlite */; };
		B189319017AD338600EFA3E2 /* libsqlite3.dylib in Frameworks */ = {isa = PBXBuildFile; fileRef = B189318F17AD338600EFA3E2 /* libsqlite3.dylib */; };
		B18931BC17AD408A00EFA3E2 /* parser.doc in Resources */ = {isa = PBXBuildFile; fileRef = B18931BB17AD408900EFA3E2 /* parser.doc */; };
		FF92403F1C5F692E00FE3633 /* ParagraphTextCell.m in Sources */ = {isa = PBXBuildFile; fileRef = FF92403E1C5F692E00FE3633 /* ParagraphTextCell.m */; };
		FF9240421C5F693900FE3633 /* ParagraphPicCell.m in Sources */ = {isa = PBXBuildFile; fileRef = FF9240411C5F693900FE3633 /* ParagraphPicCell.m */; };
		FFC942FD1C5F3BEA00BF046E /* AppSetting+Server.m in Sources */ = {isa = PBXBuildFile; fileRef = FFC942B91C5F3BEA00BF046E /* AppSetting+Server.m */; };
		FFC942FE1C5F3BEA00BF046E /* AppSetting.m in Sources */ = {isa = PBXBuildFile; fileRef = FFC942BB1C5F3BEA00BF046E /* AppSetting.m */; };
		FFC942FF1C5F3BEA00BF046E /* ArticleDetail.m in Sources */ = {isa = PBXBuildFile; fileRef = FFC942BE1C5F3BEA00BF046E /* ArticleDetail.m */; };
		FFC943001C5F3BEA00BF046E /* DBConnection.m in Sources */ = {isa = PBXBuildFile; fileRef = FFC942C21C5F3BEA00BF046E /* DBConnection.m */; };
		FFC943011C5F3BEA00BF046E /* DBStatement.m in Sources */ = {isa = PBXBuildFile; fileRef = FFC942C41C5F3BEA00BF046E /* DBStatement.m */; };
		FFC943021C5F3BEA00BF046E /* DBController+Article.m in Sources */ = {isa = PBXBuildFile; fileRef = FFC942C61C5F3BEA00BF046E /* DBController+Article.m */; };
		FFC943031C5F3BEA00BF046E /* DBController+Update.m in Sources */ = {isa = PBXBuildFile; fileRef = FFC942C81C5F3BEA00BF046E /* DBController+Update.m */; };
		FFC943041C5F3BEA00BF046E /* DBController+Version.m in Sources */ = {isa = PBXBuildFile; fileRef = FFC942CA1C5F3BEA00BF046E /* DBController+Version.m */; };
		FFC943051C5F3BEA00BF046E /* DBController.m in Sources */ = {isa = PBXBuildFile; fileRef = FFC942CC1C5F3BEA00BF046E /* DBController.m */; };
		FFC943061C5F3BEA00BF046E /* CoreEngine+AppSetting.m in Sources */ = {isa = PBXBuildFile; fileRef = FFC942CF1C5F3BEA00BF046E /* CoreEngine+AppSetting.m */; };
		FFC943071C5F3BEA00BF046E /* CoreEngine+DB.m in Sources */ = {isa = PBXBuildFile; fileRef = FFC942D11C5F3BEA00BF046E /* CoreEngine+DB.m */; };
		FFC943081C5F3BEA00BF046E /* CoreEngine+FileManager.m in Sources */ = {isa = PBXBuildFile; fileRef = FFC942D31C5F3BEA00BF046E /* CoreEngine+FileManager.m */; };
		FFC943091C5F3BEA00BF046E /* CoreEngine+Receive.m in Sources */ = {isa = PBXBuildFile; fileRef = FFC942D51C5F3BEA00BF046E /* CoreEngine+Receive.m */; };
		FFC9430A1C5F3BEA00BF046E /* CoreEngine+Send.m in Sources */ = {isa = PBXBuildFile; fileRef = FFC942D71C5F3BEA00BF046E /* CoreEngine+Send.m */; };
		FFC9430B1C5F3BEA00BF046E /* CoreEngine+Update.m in Sources */ = {isa = PBXBuildFile; fileRef = FFC942D91C5F3BEA00BF046E /* CoreEngine+Update.m */; };
		FFC9430C1C5F3BEA00BF046E /* CoreEngine.m in Sources */ = {isa = PBXBuildFile; fileRef = FFC942DB1C5F3BEA00BF046E /* CoreEngine.m */; };
		FFC9430D1C5F3BEA00BF046E /* FileManager+Picture.m in Sources */ = {isa = PBXBuildFile; fileRef = FFC942DE1C5F3BEA00BF046E /* FileManager+Picture.m */; };
		FFC9430E1C5F3BEA00BF046E /* FileManager.m in Sources */ = {isa = PBXBuildFile; fileRef = FFC942E01C5F3BEA00BF046E /* FileManager.m */; };
		FFC943111C5F3BEA00BF046E /* NetController.m in Sources */ = {isa = PBXBuildFile; fileRef = FFC942E81C5F3BEA00BF046E /* NetController.m */; };
		FFC943121C5F3BEA00BF046E /* NBLHTTPFileManager.m in Sources */ = {isa = PBXBuildFile; fileRef = FFC942EB1C5F3BEA00BF046E /* NBLHTTPFileManager.m */; };
		FFC943131C5F3BEA00BF046E /* NBLHTTPManager.m in Sources */ = {isa = PBXBuildFile; fileRef = FFC942ED1C5F3BEA00BF046E /* NBLHTTPManager.m */; };
		FFC943151C5F3BEA00BF046E /* NSString+Tool.m in Sources */ = {isa = PBXBuildFile; fileRef = FFC942F21C5F3BEA00BF046E /* NSString+Tool.m */; };
		FFC943161C5F3BEA00BF046E /* PictureEditor.m in Sources */ = {isa = PBXBuildFile; fileRef = FFC942F41C5F3BEA00BF046E /* PictureEditor.m */; };
		FFC943171C5F3BEA00BF046E /* PinyinQuery.m in Sources */ = {isa = PBXBuildFile; fileRef = FFC942F61C5F3BEA00BF046E /* PinyinQuery.m */; };
		FFC943181C5F3BEA00BF046E /* Reachability.m in Sources */ = {isa = PBXBuildFile; fileRef = FFC942F81C5F3BEA00BF046E /* Reachability.m */; };
		FFC943191C5F3BEA00BF046E /* UIDevice+Custom.m in Sources */ = {isa = PBXBuildFile; fileRef = FFC942FA1C5F3BEA00BF046E /* UIDevice+Custom.m */; };
		FFC9431A1C5F3BEA00BF046E /* XMLParser.m in Sources */ = {isa = PBXBuildFile; fileRef = FFC942FC1C5F3BEA00BF046E /* XMLParser.m */; };
		FFC943441C5F420100BF046E /* UIEngine.m in Sources */ = {isa = PBXBuildFile; fileRef = FFC9431E1C5F420100BF046E /* UIEngine.m */; };
		FFC943461C5F420100BF046E /* MBProgressHUD.m in Sources */ = {isa = PBXBuildFile; fileRef = FFC943231C5F420100BF046E /* MBProgressHUD.m */; };
		FFC943471C5F420100BF046E /* NSString+AlertView.m in Sources */ = {isa = PBXBuildFile; fileRef = FFC943261C5F420100BF046E /* NSString+AlertView.m */; };
		FFC943481C5F420100BF046E /* ScrollLabelView.m in Sources */ = {isa = PBXBuildFile; fileRef = FFC943281C5F420100BF046E /* ScrollLabelView.m */; };
		FFC9434C1C5F420100BF046E /* UIView+MBProgressHUD.m in Sources */ = {isa = PBXBuildFile; fileRef = FFC943301C5F420100BF046E /* UIView+MBProgressHUD.m */; };
		FFC9434D1C5F420100BF046E /* RootViewController.m in Sources */ = {isa = PBXBuildFile; fileRef = FFC943321C5F420100BF046E /* RootViewController.m */; };
		FFC9434E1C5F420100BF046E /* ArticleDetailVC.m in Sources */ = {isa = PBXBuildFile; fileRef = FFC943361C5F420100BF046E /* ArticleDetailVC.m */; };
		FFC9434F1C5F420100BF046E /* LocalArticleVC.m in Sources */ = {isa = PBXBuildFile; fileRef = FFC943381C5F420100BF046E /* LocalArticleVC.m */; };
		FFC943501C5F420100BF046E /* ArticleDetailView.m in Sources */ = {isa = PBXBuildFile; fileRef = FFC9433B1C5F420100BF046E /* ArticleDetailView.m */; };
		FFC943511C5F420100BF046E /* ArticleParagraph.m in Sources */ = {isa = PBXBuildFile; fileRef = FFC9433D1C5F420100BF046E /* ArticleParagraph.m */; };
		FFC943541C5F420100BF046E /* LocalArticleView.m in Sources */ = {isa = PBXBuildFile; fileRef = FFC943431C5F420100BF046E /* LocalArticleView.m */; };
		FFC943581C5F4CFA00BF046E /* UIImageView+NBL.m in Sources */ = {isa = PBXBuildFile; fileRef = FFC943571C5F4CFA00BF046E /* UIImageView+NBL.m */; };
/* End PBXBuildFile section */

/* Begin PBXFileReference section */
		B18930F017AD337500EFA3E2 /* testFSM.app */ = {isa = PBXFileReference; explicitFileType = wrapper.application; includeInIndex = 0; path = testFSM.app; sourceTree = BUILT_PRODUCTS_DIR; };
		B18930F317AD337500EFA3E2 /* UIKit.framework */ = {isa = PBXFileReference; lastKnownFileType = wrapper.framework; name = UIKit.framework; path = System/Library/Frameworks/UIKit.framework; sourceTree = SDKROOT; };
		B18930F517AD337500EFA3E2 /* Foundation.framework */ = {isa = PBXFileReference; lastKnownFileType = wrapper.framework; name = Foundation.framework; path = System/Library/Frameworks/Foundation.framework; sourceTree = SDKROOT; };
		B18930F717AD337500EFA3E2 /* CoreGraphics.framework */ = {isa = PBXFileReference; lastKnownFileType = wrapper.framework; name = CoreGraphics.framework; path = System/Library/Frameworks/CoreGraphics.framework; sourceTree = SDKROOT; };
		B18930F917AD337500EFA3E2 /* AddressBook.framework */ = {isa = PBXFileReference; lastKnownFileType = wrapper.framework; name = AddressBook.framework; path = System/Library/Frameworks/AddressBook.framework; sourceTree = SDKROOT; };
		B18930FB17AD337500EFA3E2 /* SystemConfiguration.framework */ = {isa = PBXFileReference; lastKnownFileType = wrapper.framework; name = SystemConfiguration.framework; path = System/Library/Frameworks/SystemConfiguration.framework; sourceTree = SDKROOT; };
		B18930FD17AD337500EFA3E2 /* QuartzCore.framework */ = {isa = PBXFileReference; lastKnownFileType = wrapper.framework; name = QuartzCore.framework; path = System/Library/Frameworks/QuartzCore.framework; sourceTree = SDKROOT; };
		B189310117AD337500EFA3E2 /* testFSM-Info.plist */ = {isa = PBXFileReference; lastKnownFileType = text.plist.xml; path = "testFSM-Info.plist"; sourceTree = "<group>"; };
		B189310317AD337500EFA3E2 /* en */ = {isa = PBXFileReference; lastKnownFileType = text.plist.strings; name = en; path = en.lproj/InfoPlist.strings; sourceTree = "<group>"; };
		B189310517AD337500EFA3E2 /* main.m */ = {isa = PBXFileReference; lastKnownFileType = sourcecode.c.objc; path = main.m; sourceTree = "<group>"; };
		B189310717AD337500EFA3E2 /* testFSM-Prefix.pch */ = {isa = PBXFileReference; lastKnownFileType = sourcecode.c.h; path = "testFSM-Prefix.pch"; sourceTree = "<group>"; };
		B189310817AD337500EFA3E2 /* AppDelegate.h */ = {isa = PBXFileReference; lastKnownFileType = sourcecode.c.h; path = AppDelegate.h; sourceTree = "<group>"; };
		B189310917AD337500EFA3E2 /* AppDelegate.m */ = {isa = PBXFileReference; lastKnownFileType = sourcecode.c.objc; path = AppDelegate.m; sourceTree = "<group>"; };
		B189310B17AD337500EFA3E2 /* Default.png */ = {isa = PBXFileReference; lastKnownFileType = image.png; path = Default.png; sourceTree = "<group>"; };
		B189310D17AD337500EFA3E2 /* Default@2x.png */ = {isa = PBXFileReference; lastKnownFileType = image.png; path = "Default@2x.png"; sourceTree = "<group>"; };
		B189310F17AD337500EFA3E2 /* Default-568h@2x.png */ = {isa = PBXFileReference; lastKnownFileType = image.png; path = "Default-568h@2x.png"; sourceTree = "<group>"; };
		B189311117AD337500EFA3E2 /* testFSM.sqlite */ = {isa = PBXFileReference; lastKnownFileType = file; path = testFSM.sqlite; sourceTree = "<group>"; };
		B189318F17AD338600EFA3E2 /* libsqlite3.dylib */ = {isa = PBXFileReference; lastKnownFileType = "compiled.mach-o.dylib"; name = libsqlite3.dylib; path = usr/lib/libsqlite3.dylib; sourceTree = SDKROOT; };
		B18931BB17AD408900EFA3E2 /* parser.doc */ = {isa = PBXFileReference; lastKnownFileType = file; path = parser.doc; sourceTree = "<group>"; };
		FF92403D1C5F692E00FE3633 /* ParagraphTextCell.h */ = {isa = PBXFileReference; fileEncoding = 4; lastKnownFileType = sourcecode.c.h; path = ParagraphTextCell.h; sourceTree = "<group>"; };
		FF92403E1C5F692E00FE3633 /* ParagraphTextCell.m */ = {isa = PBXFileReference; fileEncoding = 4; lastKnownFileType = sourcecode.c.objc; path = ParagraphTextCell.m; sourceTree = "<group>"; };
		FF9240401C5F693900FE3633 /* ParagraphPicCell.h */ = {isa = PBXFileReference; fileEncoding = 4; lastKnownFileType = sourcecode.c.h; path = ParagraphPicCell.h; sourceTree = "<group>"; };
		FF9240411C5F693900FE3633 /* ParagraphPicCell.m */ = {isa = PBXFileReference; fileEncoding = 4; lastKnownFileType = sourcecode.c.objc; path = ParagraphPicCell.m; sourceTree = "<group>"; };
		FFC942B81C5F3BEA00BF046E /* AppSetting+Server.h */ = {isa = PBXFileReference; fileEncoding = 4; lastKnownFileType = sourcecode.c.h; path = "AppSetting+Server.h"; sourceTree = "<group>"; };
		FFC942B91C5F3BEA00BF046E /* AppSetting+Server.m */ = {isa = PBXFileReference; fileEncoding = 4; lastKnownFileType = sourcecode.c.objc; path = "AppSetting+Server.m"; sourceTree = "<group>"; };
		FFC942BA1C5F3BEA00BF046E /* AppSetting.h */ = {isa = PBXFileReference; fileEncoding = 4; lastKnownFileType = sourcecode.c.h; path = AppSetting.h; sourceTree = "<group>"; };
		FFC942BB1C5F3BEA00BF046E /* AppSetting.m */ = {isa = PBXFileReference; fileEncoding = 4; lastKnownFileType = sourcecode.c.objc; path = AppSetting.m; sourceTree = "<group>"; };
		FFC942BD1C5F3BEA00BF046E /* ArticleDetail.h */ = {isa = PBXFileReference; fileEncoding = 4; lastKnownFileType = sourcecode.c.h; path = ArticleDetail.h; sourceTree = "<group>"; };
		FFC942BE1C5F3BEA00BF046E /* ArticleDetail.m */ = {isa = PBXFileReference; fileEncoding = 4; lastKnownFileType = sourcecode.c.objc; path = ArticleDetail.m; sourceTree = "<group>"; };
		FFC942C11C5F3BEA00BF046E /* DBConnection.h */ = {isa = PBXFileReference; fileEncoding = 4; lastKnownFileType = sourcecode.c.h; path = DBConnection.h; sourceTree = "<group>"; };
		FFC942C21C5F3BEA00BF046E /* DBConnection.m */ = {isa = PBXFileReference; fileEncoding = 4; lastKnownFileType = sourcecode.c.objc; path = DBConnection.m; sourceTree = "<group>"; };
		FFC942C31C5F3BEA00BF046E /* DBStatement.h */ = {isa = PBXFileReference; fileEncoding = 4; lastKnownFileType = sourcecode.c.h; path = DBStatement.h; sourceTree = "<group>"; };
		FFC942C41C5F3BEA00BF046E /* DBStatement.m */ = {isa = PBXFileReference; fileEncoding = 4; lastKnownFileType = sourcecode.c.objc; path = DBStatement.m; sourceTree = "<group>"; };
		FFC942C51C5F3BEA00BF046E /* DBController+Article.h */ = {isa = PBXFileReference; fileEncoding = 4; lastKnownFileType = sourcecode.c.h; path = "DBController+Article.h"; sourceTree = "<group>"; };
		FFC942C61C5F3BEA00BF046E /* DBController+Article.m */ = {isa = PBXFileReference; fileEncoding = 4; lastKnownFileType = sourcecode.c.objc; path = "DBController+Article.m"; sourceTree = "<group>"; };
		FFC942C71C5F3BEA00BF046E /* DBController+Update.h */ = {isa = PBXFileReference; fileEncoding = 4; lastKnownFileType = sourcecode.c.h; path = "DBController+Update.h"; sourceTree = "<group>"; };
		FFC942C81C5F3BEA00BF046E /* DBController+Update.m */ = {isa = PBXFileReference; fileEncoding = 4; lastKnownFileType = sourcecode.c.objc; path = "DBController+Update.m"; sourceTree = "<group>"; };
		FFC942C91C5F3BEA00BF046E /* DBController+Version.h */ = {isa = PBXFileReference; fileEncoding = 4; lastKnownFileType = sourcecode.c.h; path = "DBController+Version.h"; sourceTree = "<group>"; };
		FFC942CA1C5F3BEA00BF046E /* DBController+Version.m */ = {isa = PBXFileReference; fileEncoding = 4; lastKnownFileType = sourcecode.c.objc; path = "DBController+Version.m"; sourceTree = "<group>"; };
		FFC942CB1C5F3BEA00BF046E /* DBController.h */ = {isa = PBXFileReference; fileEncoding = 4; lastKnownFileType = sourcecode.c.h; path = DBController.h; sourceTree = "<group>"; };
		FFC942CC1C5F3BEA00BF046E /* DBController.m */ = {isa = PBXFileReference; fileEncoding = 4; lastKnownFileType = sourcecode.c.objc; path = DBController.m; sourceTree = "<group>"; };
		FFC942CE1C5F3BEA00BF046E /* CoreEngine+AppSetting.h */ = {isa = PBXFileReference; fileEncoding = 4; lastKnownFileType = sourcecode.c.h; path = "CoreEngine+AppSetting.h"; sourceTree = "<group>"; };
		FFC942CF1C5F3BEA00BF046E /* CoreEngine+AppSetting.m */ = {isa = PBXFileReference; fileEncoding = 4; lastKnownFileType = sourcecode.c.objc; path = "CoreEngine+AppSetting.m"; sourceTree = "<group>"; };
		FFC942D01C5F3BEA00BF046E /* CoreEngine+DB.h */ = {isa = PBXFileReference; fileEncoding = 4; lastKnownFileType = sourcecode.c.h; path = "CoreEngine+DB.h"; sourceTree = "<group>"; };
		FFC942D11C5F3BEA00BF046E /* CoreEngine+DB.m */ = {isa = PBXFileReference; fileEncoding = 4; lastKnownFileType = sourcecode.c.objc; path = "CoreEngine+DB.m"; sourceTree = "<group>"; };
		FFC942D21C5F3BEA00BF046E /* CoreEngine+FileManager.h */ = {isa = PBXFileReference; fileEncoding = 4; lastKnownFileType = sourcecode.c.h; path = "CoreEngine+FileManager.h"; sourceTree = "<group>"; };
		FFC942D31C5F3BEA00BF046E /* CoreEngine+FileManager.m */ = {isa = PBXFileReference; fileEncoding = 4; lastKnownFileType = sourcecode.c.objc; path = "CoreEngine+FileManager.m"; sourceTree = "<group>"; };
		FFC942D41C5F3BEA00BF046E /* CoreEngine+Receive.h */ = {isa = PBXFileReference; fileEncoding = 4; lastKnownFileType = sourcecode.c.h; path = "CoreEngine+Receive.h"; sourceTree = "<group>"; };
		FFC942D51C5F3BEA00BF046E /* CoreEngine+Receive.m */ = {isa = PBXFileReference; fileEncoding = 4; lastKnownFileType = sourcecode.c.objc; path = "CoreEngine+Receive.m"; sourceTree = "<group>"; };
		FFC942D61C5F3BEA00BF046E /* CoreEngine+Send.h */ = {isa = PBXFileReference; fileEncoding = 4; lastKnownFileType = sourcecode.c.h; path = "CoreEngine+Send.h"; sourceTree = "<group>"; };
		FFC942D71C5F3BEA00BF046E /* CoreEngine+Send.m */ = {isa = PBXFileReference; fileEncoding = 4; lastKnownFileType = sourcecode.c.objc; path = "CoreEngine+Send.m"; sourceTree = "<group>"; };
		FFC942D81C5F3BEA00BF046E /* CoreEngine+Update.h */ = {isa = PBXFileReference; fileEncoding = 4; lastKnownFileType = sourcecode.c.h; path = "CoreEngine+Update.h"; sourceTree = "<group>"; };
		FFC942D91C5F3BEA00BF046E /* CoreEngine+Update.m */ = {isa = PBXFileReference; fileEncoding = 4; lastKnownFileType = sourcecode.c.objc; path = "CoreEngine+Update.m"; sourceTree = "<group>"; };
		FFC942DA1C5F3BEA00BF046E /* CoreEngine.h */ = {isa = PBXFileReference; fileEncoding = 4; lastKnownFileType = sourcecode.c.h; path = CoreEngine.h; sourceTree = "<group>"; };
		FFC942DB1C5F3BEA00BF046E /* CoreEngine.m */ = {isa = PBXFileReference; fileEncoding = 4; lastKnownFileType = sourcecode.c.objc; path = CoreEngine.m; sourceTree = "<group>"; };
		FFC942DD1C5F3BEA00BF046E /* FileManager+Picture.h */ = {isa = PBXFileReference; fileEncoding = 4; lastKnownFileType = sourcecode.c.h; path = "FileManager+Picture.h"; sourceTree = "<group>"; };
		FFC942DE1C5F3BEA00BF046E /* FileManager+Picture.m */ = {isa = PBXFileReference; fileEncoding = 4; lastKnownFileType = sourcecode.c.objc; path = "FileManager+Picture.m"; sourceTree = "<group>"; };
		FFC942DF1C5F3BEA00BF046E /* FileManager.h */ = {isa = PBXFileReference; fileEncoding = 4; lastKnownFileType = sourcecode.c.h; path = FileManager.h; sourceTree = "<group>"; };
		FFC942E01C5F3BEA00BF046E /* FileManager.m */ = {isa = PBXFileReference; fileEncoding = 4; lastKnownFileType = sourcecode.c.objc; path = FileManager.m; sourceTree = "<group>"; };
		FFC942E71C5F3BEA00BF046E /* NetController.h */ = {isa = PBXFileReference; fileEncoding = 4; lastKnownFileType = sourcecode.c.h; path = NetController.h; sourceTree = "<group>"; };
		FFC942E81C5F3BEA00BF046E /* NetController.m */ = {isa = PBXFileReference; fileEncoding = 4; lastKnownFileType = sourcecode.c.objc; path = NetController.m; sourceTree = "<group>"; };
		FFC942EA1C5F3BEA00BF046E /* NBLHTTPFileManager.h */ = {isa = PBXFileReference; fileEncoding = 4; lastKnownFileType = sourcecode.c.h; path = NBLHTTPFileManager.h; sourceTree = "<group>"; };
		FFC942EB1C5F3BEA00BF046E /* NBLHTTPFileManager.m */ = {isa = PBXFileReference; fileEncoding = 4; lastKnownFileType = sourcecode.c.objc; path = NBLHTTPFileManager.m; sourceTree = "<group>"; };
		FFC942EC1C5F3BEA00BF046E /* NBLHTTPManager.h */ = {isa = PBXFileReference; fileEncoding = 4; lastKnownFileType = sourcecode.c.h; path = NBLHTTPManager.h; sourceTree = "<group>"; };
		FFC942ED1C5F3BEA00BF046E /* NBLHTTPManager.m */ = {isa = PBXFileReference; fileEncoding = 4; lastKnownFileType = sourcecode.c.objc; path = NBLHTTPManager.m; sourceTree = "<group>"; };
		FFC942F11C5F3BEA00BF046E /* NSString+Tool.h */ = {isa = PBXFileReference; fileEncoding = 4; lastKnownFileType = sourcecode.c.h; path = "NSString+Tool.h"; sourceTree = "<group>"; };
		FFC942F21C5F3BEA00BF046E /* NSString+Tool.m */ = {isa = PBXFileReference; fileEncoding = 4; lastKnownFileType = sourcecode.c.objc; path = "NSString+Tool.m"; sourceTree = "<group>"; };
		FFC942F31C5F3BEA00BF046E /* PictureEditor.h */ = {isa = PBXFileReference; fileEncoding = 4; lastKnownFileType = sourcecode.c.h; path = PictureEditor.h; sourceTree = "<group>"; };
		FFC942F41C5F3BEA00BF046E /* PictureEditor.m */ = {isa = PBXFileReference; fileEncoding = 4; lastKnownFileType = sourcecode.c.objc; path = PictureEditor.m; sourceTree = "<group>"; };
		FFC942F51C5F3BEA00BF046E /* PinyinQuery.h */ = {isa = PBXFileReference; fileEncoding = 4; lastKnownFileType = sourcecode.c.h; path = PinyinQuery.h; sourceTree = "<group>"; };
		FFC942F61C5F3BEA00BF046E /* PinyinQuery.m */ = {isa = PBXFileReference; fileEncoding = 4; lastKnownFileType = sourcecode.c.objc; path = PinyinQuery.m; sourceTree = "<group>"; };
		FFC942F71C5F3BEA00BF046E /* Reachability.h */ = {isa = PBXFileReference; fileEncoding = 4; lastKnownFileType = sourcecode.c.h; path = Reachability.h; sourceTree = "<group>"; };
		FFC942F81C5F3BEA00BF046E /* Reachability.m */ = {isa = PBXFileReference; fileEncoding = 4; lastKnownFileType = sourcecode.c.objc; path = Reachability.m; sourceTree = "<group>"; };
		FFC942F91C5F3BEA00BF046E /* UIDevice+Custom.h */ = {isa = PBXFileReference; fileEncoding = 4; lastKnownFileType = sourcecode.c.h; path = "UIDevice+Custom.h"; sourceTree = "<group>"; };
		FFC942FA1C5F3BEA00BF046E /* UIDevice+Custom.m */ = {isa = PBXFileReference; fileEncoding = 4; lastKnownFileType = sourcecode.c.objc; path = "UIDevice+Custom.m"; sourceTree = "<group>"; };
		FFC942FB1C5F3BEA00BF046E /* XMLParser.h */ = {isa = PBXFileReference; fileEncoding = 4; lastKnownFileType = sourcecode.c.h; path = XMLParser.h; sourceTree = "<group>"; };
		FFC942FC1C5F3BEA00BF046E /* XMLParser.m */ = {isa = PBXFileReference; fileEncoding = 4; lastKnownFileType = sourcecode.c.objc; path = XMLParser.m; sourceTree = "<group>"; };
		FFC9431D1C5F420100BF046E /* UIEngine.h */ = {isa = PBXFileReference; fileEncoding = 4; lastKnownFileType = sourcecode.c.h; path = UIEngine.h; sourceTree = "<group>"; };
		FFC9431E1C5F420100BF046E /* UIEngine.m */ = {isa = PBXFileReference; fileEncoding = 4; lastKnownFileType = sourcecode.c.objc; path = UIEngine.m; sourceTree = "<group>"; };
		FFC943221C5F420100BF046E /* MBProgressHUD.h */ = {isa = PBXFileReference; fileEncoding = 4; lastKnownFileType = sourcecode.c.h; path = MBProgressHUD.h; sourceTree = "<group>"; };
		FFC943231C5F420100BF046E /* MBProgressHUD.m */ = {isa = PBXFileReference; fileEncoding = 4; lastKnownFileType = sourcecode.c.objc; path = MBProgressHUD.m; sourceTree = "<group>"; };
		FFC943241C5F420100BF046E /* NSObject+ActivityAlertView.h */ = {isa = PBXFileReference; fileEncoding = 4; lastKnownFileType = sourcecode.c.h; path = "NSObject+ActivityAlertView.h"; sourceTree = "<group>"; };
		FFC943251C5F420100BF046E /* NSString+AlertView.h */ = {isa = PBXFileReference; fileEncoding = 4; lastKnownFileType = sourcecode.c.h; path = "NSString+AlertView.h"; sourceTree = "<group>"; };
		FFC943261C5F420100BF046E /* NSString+AlertView.m */ = {isa = PBXFileReference; fileEncoding = 4; lastKnownFileType = sourcecode.c.objc; path = "NSString+AlertView.m"; sourceTree = "<group>"; };
		FFC943271C5F420100BF046E /* ScrollLabelView.h */ = {isa = PBXFileReference; fileEncoding = 4; lastKnownFileType = sourcecode.c.h; path = ScrollLabelView.h; sourceTree = "<group>"; };
		FFC943281C5F420100BF046E /* ScrollLabelView.m */ = {isa = PBXFileReference; fileEncoding = 4; lastKnownFileType = sourcecode.c.objc; path = ScrollLabelView.m; sourceTree = "<group>"; };
		FFC9432F1C5F420100BF046E /* UIView+MBProgressHUD.h */ = {isa = PBXFileReference; fileEncoding = 4; lastKnownFileType = sourcecode.c.h; path = "UIView+MBProgressHUD.h"; sourceTree = "<group>"; };
		FFC943301C5F420100BF046E /* UIView+MBProgressHUD.m */ = {isa = PBXFileReference; fileEncoding = 4; lastKnownFileType = sourcecode.c.objc; path = "UIView+MBProgressHUD.m"; sourceTree = "<group>"; };
		FFC943311C5F420100BF046E /* RootViewController.h */ = {isa = PBXFileReference; fileEncoding = 4; lastKnownFileType = sourcecode.c.h; path = RootViewController.h; sourceTree = "<group>"; };
		FFC943321C5F420100BF046E /* RootViewController.m */ = {isa = PBXFileReference; fileEncoding = 4; lastKnownFileType = sourcecode.c.objc; path = RootViewController.m; sourceTree = "<group>"; };
		FFC943331C5F420100BF046E /* UIMacro.h */ = {isa = PBXFileReference; fileEncoding = 4; lastKnownFileType = sourcecode.c.h; path = UIMacro.h; sourceTree = "<group>"; };
		FFC943351C5F420100BF046E /* ArticleDetailVC.h */ = {isa = PBXFileReference; fileEncoding = 4; lastKnownFileType = sourcecode.c.h; path = ArticleDetailVC.h; sourceTree = "<group>"; };
		FFC943361C5F420100BF046E /* ArticleDetailVC.m */ = {isa = PBXFileReference; fileEncoding = 4; lastKnownFileType = sourcecode.c.objc; path = ArticleDetailVC.m; sourceTree = "<group>"; };
		FFC943371C5F420100BF046E /* LocalArticleVC.h */ = {isa = PBXFileReference; fileEncoding = 4; lastKnownFileType = sourcecode.c.h; path = LocalArticleVC.h; sourceTree = "<group>"; };
		FFC943381C5F420100BF046E /* LocalArticleVC.m */ = {isa = PBXFileReference; fileEncoding = 4; lastKnownFileType = sourcecode.c.objc; path = LocalArticleVC.m; sourceTree = "<group>"; };
		FFC9433A1C5F420100BF046E /* ArticleDetailView.h */ = {isa = PBXFileReference; fileEncoding = 4; lastKnownFileType = sourcecode.c.h; path = ArticleDetailView.h; sourceTree = "<group>"; };
		FFC9433B1C5F420100BF046E /* ArticleDetailView.m */ = {isa = PBXFileReference; fileEncoding = 4; lastKnownFileType = sourcecode.c.objc; path = ArticleDetailView.m; sourceTree = "<group>"; };
		FFC9433C1C5F420100BF046E /* ArticleParagraph.h */ = {isa = PBXFileReference; fileEncoding = 4; lastKnownFileType = sourcecode.c.h; path = ArticleParagraph.h; sourceTree = "<group>"; };
		FFC9433D1C5F420100BF046E /* ArticleParagraph.m */ = {isa = PBXFileReference; fileEncoding = 4; lastKnownFileType = sourcecode.c.objc; path = ArticleParagraph.m; sourceTree = "<group>"; };
		FFC943421C5F420100BF046E /* LocalArticleView.h */ = {isa = PBXFileReference; fileEncoding = 4; lastKnownFileType = sourcecode.c.h; path = LocalArticleView.h; sourceTree = "<group>"; };
		FFC943431C5F420100BF046E /* LocalArticleView.m */ = {isa = PBXFileReference; fileEncoding = 4; lastKnownFileType = sourcecode.c.objc; path = LocalArticleView.m; sourceTree = "<group>"; };
		FFC943561C5F4CFA00BF046E /* UIImageView+NBL.h */ = {isa = PBXFileReference; fileEncoding = 4; lastKnownFileType = sourcecode.c.h; path = "UIImageView+NBL.h"; sourceTree = "<group>"; };
		FFC943571C5F4CFA00BF046E /* UIImageView+NBL.m */ = {isa = PBXFileReference; fileEncoding = 4; lastKnownFileType = sourcecode.c.objc; path = "UIImageView+NBL.m"; sourceTree = "<group>"; };
/* End PBXFileReference section */

/* Begin PBXFrameworksBuildPhase section */
		B18930ED17AD337500EFA3E2 /* Frameworks */ = {
			isa = PBXFrameworksBuildPhase;
			buildActionMask = 2147483647;
			files = (
				B189319017AD338600EFA3E2 /* libsqlite3.dylib in Frameworks */,
				B18930F417AD337500EFA3E2 /* UIKit.framework in Frameworks */,
				B18930F617AD337500EFA3E2 /* Foundation.framework in Frameworks */,
				B18930F817AD337500EFA3E2 /* CoreGraphics.framework in Frameworks */,
				B18930FA17AD337500EFA3E2 /* AddressBook.framework in Frameworks */,
				B18930FC17AD337500EFA3E2 /* SystemConfiguration.framework in Frameworks */,
				B18930FE17AD337500EFA3E2 /* QuartzCore.framework in Frameworks */,
			);
			runOnlyForDeploymentPostprocessing = 0;
		};
/* End PBXFrameworksBuildPhase section */

/* Begin PBXGroup section */
		B18930E717AD337500EFA3E2 = {
			isa = PBXGroup;
			children = (
				B18930FF17AD337500EFA3E2 /* testFSM */,
				B18930F217AD337500EFA3E2 /* Frameworks */,
				B18930F117AD337500EFA3E2 /* Products */,
			);
			sourceTree = "<group>";
		};
		B18930F117AD337500EFA3E2 /* Products */ = {
			isa = PBXGroup;
			children = (
				B18930F017AD337500EFA3E2 /* testFSM.app */,
			);
			name = Products;
			sourceTree = "<group>";
		};
		B18930F217AD337500EFA3E2 /* Frameworks */ = {
			isa = PBXGroup;
			children = (
				B18930F317AD337500EFA3E2 /* UIKit.framework */,
				B18930F517AD337500EFA3E2 /* Foundation.framework */,
				B18930F717AD337500EFA3E2 /* CoreGraphics.framework */,
				B18930F917AD337500EFA3E2 /* AddressBook.framework */,
				B18930FB17AD337500EFA3E2 /* SystemConfiguration.framework */,
				B18930FD17AD337500EFA3E2 /* QuartzCore.framework */,
				B189318F17AD338600EFA3E2 /* libsqlite3.dylib */,
			);
			name = Frameworks;
			sourceTree = "<group>";
		};
		B18930FF17AD337500EFA3E2 /* testFSM */ = {
			isa = PBXGroup;
			children = (
				B189310817AD337500EFA3E2 /* AppDelegate.h */,
				B189310917AD337500EFA3E2 /* AppDelegate.m */,
				FFC942B61C5F3BEA00BF046E /* Core */,
				FFC9431B1C5F420100BF046E /* UI */,
				B189310017AD337500EFA3E2 /* Supporting Files */,
			);
			path = testFSM;
			sourceTree = "<group>";
		};
		B189310017AD337500EFA3E2 /* Supporting Files */ = {
			isa = PBXGroup;
			children = (
				B18931BB17AD408900EFA3E2 /* parser.doc */,
				B189310117AD337500EFA3E2 /* testFSM-Info.plist */,
				B189310217AD337500EFA3E2 /* InfoPlist.strings */,
				B189310517AD337500EFA3E2 /* main.m */,
				B189310717AD337500EFA3E2 /* testFSM-Prefix.pch */,
				B189310B17AD337500EFA3E2 /* Default.png */,
				B189310D17AD337500EFA3E2 /* Default@2x.png */,
				B189310F17AD337500EFA3E2 /* Default-568h@2x.png */,
				B189311117AD337500EFA3E2 /* testFSM.sqlite */,
			);
			name = "Supporting Files";
			sourceTree = "<group>";
		};
		FFC942B61C5F3BEA00BF046E /* Core */ = {
			isa = PBXGroup;
			children = (
				FFC942B71C5F3BEA00BF046E /* AppSetting */,
				FFC942BC1C5F3BEA00BF046E /* DataStruct */,
				FFC942BF1C5F3BEA00BF046E /* DB */,
				FFC942CD1C5F3BEA00BF046E /* Engine */,
				FFC942DC1C5F3BEA00BF046E /* FileManager */,
				FFC942E11C5F3BEA00BF046E /* Net */,
				FFC942EE1C5F3BEA00BF046E /* Other */,
			);
			path = Core;
			sourceTree = "<group>";
		};
		FFC942B71C5F3BEA00BF046E /* AppSetting */ = {
			isa = PBXGroup;
			children = (
				FFC942B81C5F3BEA00BF046E /* AppSetting+Server.h */,
				FFC942B91C5F3BEA00BF046E /* AppSetting+Server.m */,
				FFC942BA1C5F3BEA00BF046E /* AppSetting.h */,
				FFC942BB1C5F3BEA00BF046E /* AppSetting.m */,
			);
			path = AppSetting;
			sourceTree = "<group>";
		};
		FFC942BC1C5F3BEA00BF046E /* DataStruct */ = {
			isa = PBXGroup;
			children = (
				FFC942BD1C5F3BEA00BF046E /* ArticleDetail.h */,
				FFC942BE1C5F3BEA00BF046E /* ArticleDetail.m */,
			);
			path = DataStruct;
			sourceTree = "<group>";
		};
		FFC942BF1C5F3BEA00BF046E /* DB */ = {
			isa = PBXGroup;
			children = (
				FFC942C01C5F3BEA00BF046E /* DBBase */,
				FFC942C51C5F3BEA00BF046E /* DBController+Article.h */,
				FFC942C61C5F3BEA00BF046E /* DBController+Article.m */,
				FFC942C71C5F3BEA00BF046E /* DBController+Update.h */,
				FFC942C81C5F3BEA00BF046E /* DBController+Update.m */,
				FFC942C91C5F3BEA00BF046E /* DBController+Version.h */,
				FFC942CA1C5F3BEA00BF046E /* DBController+Version.m */,
				FFC942CB1C5F3BEA00BF046E /* DBController.h */,
				FFC942CC1C5F3BEA00BF046E /* DBController.m */,
			);
			path = DB;
			sourceTree = "<group>";
		};
		FFC942C01C5F3BEA00BF046E /* DBBase */ = {
			isa = PBXGroup;
			children = (
				FFC942C11C5F3BEA00BF046E /* DBConnection.h */,
				FFC942C21C5F3BEA00BF046E /* DBConnection.m */,
				FFC942C31C5F3BEA00BF046E /* DBStatement.h */,
				FFC942C41C5F3BEA00BF046E /* DBStatement.m */,
			);
			path = DBBase;
			sourceTree = "<group>";
		};
		FFC942CD1C5F3BEA00BF046E /* Engine */ = {
			isa = PBXGroup;
			children = (
				FFC942CE1C5F3BEA00BF046E /* CoreEngine+AppSetting.h */,
				FFC942CF1C5F3BEA00BF046E /* CoreEngine+AppSetting.m */,
				FFC942D01C5F3BEA00BF046E /* CoreEngine+DB.h */,
				FFC942D11C5F3BEA00BF046E /* CoreEngine+DB.m */,
				FFC942D21C5F3BEA00BF046E /* CoreEngine+FileManager.h */,
				FFC942D31C5F3BEA00BF046E /* CoreEngine+FileManager.m */,
				FFC942D41C5F3BEA00BF046E /* CoreEngine+Receive.h */,
				FFC942D51C5F3BEA00BF046E /* CoreEngine+Receive.m */,
				FFC942D61C5F3BEA00BF046E /* CoreEngine+Send.h */,
				FFC942D71C5F3BEA00BF046E /* CoreEngine+Send.m */,
				FFC942D81C5F3BEA00BF046E /* CoreEngine+Update.h */,
				FFC942D91C5F3BEA00BF046E /* CoreEngine+Update.m */,
				FFC942DA1C5F3BEA00BF046E /* CoreEngine.h */,
				FFC942DB1C5F3BEA00BF046E /* CoreEngine.m */,
			);
			path = Engine;
			sourceTree = "<group>";
		};
		FFC942DC1C5F3BEA00BF046E /* FileManager */ = {
			isa = PBXGroup;
			children = (
				FFC942DD1C5F3BEA00BF046E /* FileManager+Picture.h */,
				FFC942DE1C5F3BEA00BF046E /* FileManager+Picture.m */,
				FFC942DF1C5F3BEA00BF046E /* FileManager.h */,
				FFC942E01C5F3BEA00BF046E /* FileManager.m */,
			);
			path = FileManager;
			sourceTree = "<group>";
		};
		FFC942E11C5F3BEA00BF046E /* Net */ = {
			isa = PBXGroup;
			children = (
				FFC942E91C5F3BEA00BF046E /* SimplifiedAFN */,
				FFC943551C5F4CFA00BF046E /* SimplifiedAFN+UIKit */,
				FFC942E71C5F3BEA00BF046E /* NetController.h */,
				FFC942E81C5F3BEA00BF046E /* NetController.m */,
			);
			path = Net;
			sourceTree = "<group>";
		};
		FFC942E91C5F3BEA00BF046E /* SimplifiedAFN */ = {
			isa = PBXGroup;
			children = (
				FFC942EA1C5F3BEA00BF046E /* NBLHTTPFileManager.h */,
				FFC942EB1C5F3BEA00BF046E /* NBLHTTPFileManager.m */,
				FFC942EC1C5F3BEA00BF046E /* NBLHTTPManager.h */,
				FFC942ED1C5F3BEA00BF046E /* NBLHTTPManager.m */,
			);
			path = SimplifiedAFN;
			sourceTree = "<group>";
		};
		FFC942EE1C5F3BEA00BF046E /* Other */ = {
			isa = PBXGroup;
			children = (
				FFC942F11C5F3BEA00BF046E /* NSString+Tool.h */,
				FFC942F21C5F3BEA00BF046E /* NSString+Tool.m */,
				FFC942F31C5F3BEA00BF046E /* PictureEditor.h */,
				FFC942F41C5F3BEA00BF046E /* PictureEditor.m */,
				FFC942F51C5F3BEA00BF046E /* PinyinQuery.h */,
				FFC942F61C5F3BEA00BF046E /* PinyinQuery.m */,
				FFC942F71C5F3BEA00BF046E /* Reachability.h */,
				FFC942F81C5F3BEA00BF046E /* Reachability.m */,
				FFC942F91C5F3BEA00BF046E /* UIDevice+Custom.h */,
				FFC942FA1C5F3BEA00BF046E /* UIDevice+Custom.m */,
				FFC942FB1C5F3BEA00BF046E /* XMLParser.h */,
				FFC942FC1C5F3BEA00BF046E /* XMLParser.m */,
			);
			path = Other;
			sourceTree = "<group>";
		};
		FFC9431B1C5F420100BF046E /* UI */ = {
			isa = PBXGroup;
			children = (
				FFC9431C1C5F420100BF046E /* Engine */,
				FFC943341C5F420100BF046E /* VCs */,
				FFC943391C5F420100BF046E /* Views */,
				FFC9431F1C5F420100BF046E /* OtherViews */,
				FFC943311C5F420100BF046E /* RootViewController.h */,
				FFC943321C5F420100BF046E /* RootViewController.m */,
				FFC943331C5F420100BF046E /* UIMacro.h */,
			);
			path = UI;
			sourceTree = "<group>";
		};
		FFC9431C1C5F420100BF046E /* Engine */ = {
			isa = PBXGroup;
			children = (
				FFC9431D1C5F420100BF046E /* UIEngine.h */,
				FFC9431E1C5F420100BF046E /* UIEngine.m */,
			);
			path = Engine;
			sourceTree = "<group>";
		};
		FFC9431F1C5F420100BF046E /* OtherViews */ = {
			isa = PBXGroup;
			children = (
				FFC943221C5F420100BF046E /* MBProgressHUD.h */,
				FFC943231C5F420100BF046E /* MBProgressHUD.m */,
				FFC943241C5F420100BF046E /* NSObject+ActivityAlertView.h */,
				FFC943251C5F420100BF046E /* NSString+AlertView.h */,
				FFC943261C5F420100BF046E /* NSString+AlertView.m */,
				FFC943271C5F420100BF046E /* ScrollLabelView.h */,
				FFC943281C5F420100BF046E /* ScrollLabelView.m */,
				FFC9432F1C5F420100BF046E /* UIView+MBProgressHUD.h */,
				FFC943301C5F420100BF046E /* UIView+MBProgressHUD.m */,
			);
			path = OtherViews;
			sourceTree = "<group>";
		};
		FFC943341C5F420100BF046E /* VCs */ = {
			isa = PBXGroup;
			children = (
				FFC943351C5F420100BF046E /* ArticleDetailVC.h */,
				FFC943361C5F420100BF046E /* ArticleDetailVC.m */,
				FFC943371C5F420100BF046E /* LocalArticleVC.h */,
				FFC943381C5F420100BF046E /* LocalArticleVC.m */,
			);
			path = VCs;
			sourceTree = "<group>";
		};
		FFC943391C5F420100BF046E /* Views */ = {
			isa = PBXGroup;
			children = (
				FFC9433C1C5F420100BF046E /* ArticleParagraph.h */,
				FFC9433D1C5F420100BF046E /* ArticleParagraph.m */,
				FF92403D1C5F692E00FE3633 /* ParagraphTextCell.h */,
				FF92403E1C5F692E00FE3633 /* ParagraphTextCell.m */,
				FF9240401C5F693900FE3633 /* ParagraphPicCell.h */,
				FF9240411C5F693900FE3633 /* ParagraphPicCell.m */,
				FFC9433A1C5F420100BF046E /* ArticleDetailView.h */,
				FFC9433B1C5F420100BF046E /* ArticleDetailView.m */,
				FFC943421C5F420100BF046E /* LocalArticleView.h */,
				FFC943431C5F420100BF046E /* LocalArticleView.m */,
			);
			path = Views;
			sourceTree = "<group>";
		};
		FFC943551C5F4CFA00BF046E /* SimplifiedAFN+UIKit */ = {
			isa = PBXGroup;
			children = (
				FFC943561C5F4CFA00BF046E /* UIImageView+NBL.h */,
				FFC943571C5F4CFA00BF046E /* UIImageView+NBL.m */,
			);
			path = "SimplifiedAFN+UIKit";
			sourceTree = "<group>";
		};
/* End PBXGroup section */

/* Begin PBXNativeTarget section */
		B18930EF17AD337500EFA3E2 /* testFSM */ = {
			isa = PBXNativeTarget;
			buildConfigurationList = B189318C17AD337600EFA3E2 /* Build configuration list for PBXNativeTarget "testFSM" */;
			buildPhases = (
				B18930EC17AD337500EFA3E2 /* Sources */,
				B18930ED17AD337500EFA3E2 /* Frameworks */,
				B18930EE17AD337500EFA3E2 /* Resources */,
			);
			buildRules = (
			);
			dependencies = (
			);
			name = testFSM;
			productName = testFSM;
			productReference = B18930F017AD337500EFA3E2 /* testFSM.app */;
			productType = "com.apple.product-type.application";
		};
/* End PBXNativeTarget section */

/* Begin PBXProject section */
		B18930E817AD337500EFA3E2 /* Project object */ = {
			isa = PBXProject;
			attributes = {
				LastUpgradeCheck = 0460;
				ORGANIZATIONNAME = yjh4866;
			};
			buildConfigurationList = B18930EB17AD337500EFA3E2 /* Build configuration list for PBXProject "testFSM" */;
			compatibilityVersion = "Xcode 3.2";
			developmentRegion = English;
			hasScannedForEncodings = 0;
			knownRegions = (
				en,
			);
			mainGroup = B18930E717AD337500EFA3E2;
			productRefGroup = B18930F117AD337500EFA3E2 /* Products */;
			projectDirPath = "";
			projectRoot = "";
			targets = (
				B18930EF17AD337500EFA3E2 /* testFSM */,
			);
		};
/* End PBXProject section */

/* Begin PBXResourcesBuildPhase section */
		B18930EE17AD337500EFA3E2 /* Resources */ = {
			isa = PBXResourcesBuildPhase;
			buildActionMask = 2147483647;
			files = (
				B189310417AD337500EFA3E2 /* InfoPlist.strings in Resources */,
				B189310C17AD337500EFA3E2 /* Default.png in Resources */,
				B189310E17AD337500EFA3E2 /* Default@2x.png in Resources */,
				B189311017AD337500EFA3E2 /* Default-568h@2x.png in Resources */,
				B189311217AD337500EFA3E2 /* testFSM.sqlite in Resources */,
				B18931BC17AD408A00EFA3E2 /* parser.doc in Resources */,
			);
			runOnlyForDeploymentPostprocessing = 0;
		};
/* End PBXResourcesBuildPhase section */

/* Begin PBXSourcesBuildPhase section */
		B18930EC17AD337500EFA3E2 /* Sources */ = {
			isa = PBXSourcesBuildPhase;
			buildActionMask = 2147483647;
			files = (
				FF92403F1C5F692E00FE3633 /* ParagraphTextCell.m in Sources */,
				FFC9430A1C5F3BEA00BF046E /* CoreEngine+Send.m in Sources */,
				B189310617AD337500EFA3E2 /* main.m in Sources */,
				FFC943441C5F420100BF046E /* UIEngine.m in Sources */,
				FFC9431A1C5F3BEA00BF046E /* XMLParser.m in Sources */,
				FFC943461C5F420100BF046E /* MBProgressHUD.m in Sources */,
				FFC943011C5F3BEA00BF046E /* DBStatement.m in Sources */,
				FFC943021C5F3BEA00BF046E /* DBController+Article.m in Sources */,
				FFC9434F1C5F420100BF046E /* LocalArticleVC.m in Sources */,
				B189310A17AD337500EFA3E2 /* AppDelegate.m in Sources */,
				FFC943501C5F420100BF046E /* ArticleDetailView.m in Sources */,
				FFC943111C5F3BEA00BF046E /* NetController.m in Sources */,
				FFC943471C5F420100BF046E /* NSString+AlertView.m in Sources */,
				FFC943191C5F3BEA00BF046E /* UIDevice+Custom.m in Sources */,
				FFC942FD1C5F3BEA00BF046E /* AppSetting+Server.m in Sources */,
				FFC943071C5F3BEA00BF046E /* CoreEngine+DB.m in Sources */,
				FFC943061C5F3BEA00BF046E /* CoreEngine+AppSetting.m in Sources */,
				FFC9434E1C5F420100BF046E /* ArticleDetailVC.m in Sources */,
				FFC943131C5F3BEA00BF046E /* NBLHTTPManager.m in Sources */,
				FFC943541C5F420100BF046E /* LocalArticleView.m in Sources */,
				FFC943481C5F420100BF046E /* ScrollLabelView.m in Sources */,
				FFC943121C5F3BEA00BF046E /* NBLHTTPFileManager.m in Sources */,
				FFC943001C5F3BEA00BF046E /* DBConnection.m in Sources */,
				FFC943051C5F3BEA00BF046E /* DBController.m in Sources */,
				FFC9430B1C5F3BEA00BF046E /* CoreEngine+Update.m in Sources */,
				FFC943031C5F3BEA00BF046E /* DBController+Update.m in Sources */,
				FFC943511C5F420100BF046E /* ArticleParagraph.m in Sources */,
				FFC943161C5F3BEA00BF046E /* PictureEditor.m in Sources */,
				FFC943081C5F3BEA00BF046E /* CoreEngine+FileManager.m in Sources */,
				FFC9434C1C5F420100BF046E /* UIView+MBProgressHUD.m in Sources */,
				FFC943151C5F3BEA00BF046E /* NSString+Tool.m in Sources */,
				FFC943041C5F3BEA00BF046E /* DBController+Version.m in Sources */,
				FFC943091C5F3BEA00BF046E /* CoreEngine+Receive.m in Sources */,
				FFC9430C1C5F3BEA00BF046E /* CoreEngine.m in Sources */,
				FFC943581C5F4CFA00BF046E /* UIImageView+NBL.m in Sources */,
				FFC9430D1C5F3BEA00BF046E /* FileManager+Picture.m in Sources */,
				FFC942FF1C5F3BEA00BF046E /* ArticleDetail.m in Sources */,
				FFC9434D1C5F420100BF046E /* RootViewController.m in Sources */,
				FFC943181C5F3BEA00BF046E /* Reachability.m in Sources */,
				FFC943171C5F3BEA00BF046E /* PinyinQuery.m in Sources */,
				FFC942FE1C5F3BEA00BF046E /* AppSetting.m in Sources */,
				FFC9430E1C5F3BEA00BF046E /* FileManager.m in Sources */,
				FF9240421C5F693900FE3633 /* ParagraphPicCell.m in Sources */,
			);
			runOnlyForDeploymentPostprocessing = 0;
		};
/* End PBXSourcesBuildPhase section */

/* Begin PBXVariantGroup section */
		B189310217AD337500EFA3E2 /* InfoPlist.strings */ = {
			isa = PBXVariantGroup;
			children = (
				B189310317AD337500EFA3E2 /* en */,
			);
			name = InfoPlist.strings;
			sourceTree = "<group>";
		};
/* End PBXVariantGroup section */

/* Begin XCBuildConfiguration section */
		B189318A17AD337600EFA3E2 /* Debug */ = {
			isa = XCBuildConfiguration;
			buildSettings = {
				ALWAYS_SEARCH_USER_PATHS = NO;
				CLANG_CXX_LANGUAGE_STANDARD = "gnu++0x";
				CLANG_CXX_LIBRARY = "libc++";
				CLANG_WARN_CONSTANT_CONVERSION = YES;
				CLANG_WARN_EMPTY_BODY = YES;
				CLANG_WARN_ENUM_CONVERSION = YES;
				CLANG_WARN_INT_CONVERSION = YES;
				CLANG_WARN__DUPLICATE_METHOD_MATCH = YES;
				"CODE_SIGN_IDENTITY[sdk=iphoneos*]" = "iPhone Developer";
				COPY_PHASE_STRIP = NO;
				GCC_C_LANGUAGE_STANDARD = gnu99;
				GCC_DYNAMIC_NO_PIC = NO;
				GCC_OPTIMIZATION_LEVEL = 0;
				GCC_PREPROCESSOR_DEFINITIONS = (
					"DEBUG=1",
					"$(inherited)",
				);
				GCC_SYMBOLS_PRIVATE_EXTERN = NO;
				GCC_WARN_ABOUT_RETURN_TYPE = YES;
				GCC_WARN_UNINITIALIZED_AUTOS = YES;
				GCC_WARN_UNUSED_VARIABLE = YES;
				IPHONEOS_DEPLOYMENT_TARGET = 4.3;
				ONLY_ACTIVE_ARCH = YES;
				SDKROOT = iphoneos;
			};
			name = Debug;
		};
		B189318B17AD337600EFA3E2 /* Release */ = {
			isa = XCBuildConfiguration;
			buildSettings = {
				ALWAYS_SEARCH_USER_PATHS = NO;
				CLANG_CXX_LANGUAGE_STANDARD = "gnu++0x";
				CLANG_CXX_LIBRARY = "libc++";
				CLANG_WARN_CONSTANT_CONVERSION = YES;
				CLANG_WARN_EMPTY_BODY = YES;
				CLANG_WARN_ENUM_CONVERSION = YES;
				CLANG_WARN_INT_CONVERSION = YES;
				CLANG_WARN__DUPLICATE_METHOD_MATCH = YES;
				"CODE_SIGN_IDENTITY[sdk=iphoneos*]" = "iPhone Developer";
				COPY_PHASE_STRIP = YES;
				GCC_C_LANGUAGE_STANDARD = gnu99;
				GCC_WARN_ABOUT_RETURN_TYPE = YES;
				GCC_WARN_UNINITIALIZED_AUTOS = YES;
				GCC_WARN_UNUSED_VARIABLE = YES;
				IPHONEOS_DEPLOYMENT_TARGET = 4.3;
				OTHER_CFLAGS = "-DNS_BLOCK_ASSERTIONS=1";
				SDKROOT = iphoneos;
				VALIDATE_PRODUCT = YES;
			};
			name = Release;
		};
		B189318D17AD337600EFA3E2 /* Debug */ = {
			isa = XCBuildConfiguration;
			buildSettings = {
				CLANG_ENABLE_OBJC_ARC = YES;
				GCC_PRECOMPILE_PREFIX_HEADER = YES;
				GCC_PREFIX_HEADER = "testFSM/testFSM-Prefix.pch";
				INFOPLIST_FILE = "testFSM/testFSM-Info.plist";
				IPHONEOS_DEPLOYMENT_TARGET = 7.0;
				PRODUCT_NAME = "$(TARGET_NAME)";
				WRAPPER_EXTENSION = app;
			};
			name = Debug;
		};
		B189318E17AD337600EFA3E2 /* Release */ = {
			isa = XCBuildConfiguration;
			buildSettings = {
				CLANG_ENABLE_OBJC_ARC = YES;
				GCC_PRECOMPILE_PREFIX_HEADER = YES;
				GCC_PREFIX_HEADER = "testFSM/testFSM-Prefix.pch";
				INFOPLIST_FILE = "testFSM/testFSM-Info.plist";
				IPHONEOS_DEPLOYMENT_TARGET = 7.0;
				PRODUCT_NAME = "$(TARGET_NAME)";
				WRAPPER_EXTENSION = app;
			};
			name = Release;
		};
/* End XCBuildConfiguration section */

/* Begin XCConfigurationList section */
		B18930EB17AD337500EFA3E2 /* Build configuration list for PBXProject "testFSM" */ = {
			isa = XCConfigurationList;
			buildConfigurations = (
				B189318A17AD337600EFA3E2 /* Debug */,
				B189318B17AD337600EFA3E2 /* Release */,
			);
			defaultConfigurationIsVisible = 0;
			defaultConfigurationName = Release;
		};
		B189318C17AD337600EFA3E2 /* Build configuration list for PBXNativeTarget "testFSM" */ = {
			isa = XCConfigurationList;
			buildConfigurations = (
				B189318D17AD337600EFA3E2 /* Debug */,
				B189318E17AD337600EFA3E2 /* Release */,
			);
			defaultConfigurationIsVisible = 0;
			defaultConfigurationName = Release;
		};
/* End XCConfigurationList section */
	};
	rootObject = B18930E817AD337500EFA3E2 /* Project object */;
}
